// !$*UTF8*$!
{
	archiveVersion = 1;
	classes = {
	};
	objectVersion = 51;
	objects = {

/* Begin PBXBuildFile section */
		A327BAB024AE8A7C007BA52E /* AppDelegate.swift in Sources */ = {isa = PBXBuildFile; fileRef = A327BAAF24AE8A7C007BA52E /* AppDelegate.swift */; };
		A327BAB224AE8A7C007BA52E /* SceneDelegate.swift in Sources */ = {isa = PBXBuildFile; fileRef = A327BAB124AE8A7C007BA52E /* SceneDelegate.swift */; };
		A327BAB424AE8A7C007BA52E /* ContentView.swift in Sources */ = {isa = PBXBuildFile; fileRef = A327BAB324AE8A7C007BA52E /* ContentView.swift */; };
		A327BAB624AE8A87007BA52E /* Assets.xcassets in Resources */ = {isa = PBXBuildFile; fileRef = A327BAB524AE8A87007BA52E /* Assets.xcassets */; };
		A327BAB924AE8A87007BA52E /* Preview Assets.xcassets in Resources */ = {isa = PBXBuildFile; fileRef = A327BAB824AE8A87007BA52E /* Preview Assets.xcassets */; };
		A327BABC24AE8A87007BA52E /* LaunchScreen.storyboard in Resources */ = {isa = PBXBuildFile; fileRef = A327BABA24AE8A87007BA52E /* LaunchScreen.storyboard */; };
		A327BAC724AE8A87007BA52E /* super_8_iosTests.swift in Sources */ = {isa = PBXBuildFile; fileRef = A327BAC624AE8A87007BA52E /* super_8_iosTests.swift */; };
		A327BAD224AE8A87007BA52E /* super_8_iosUITests.swift in Sources */ = {isa = PBXBuildFile; fileRef = A327BAD124AE8A87007BA52E /* super_8_iosUITests.swift */; };
		A3ABDBFE24AE972E00AEAB09 /* GoogleService-Info.plist in Resources */ = {isa = PBXBuildFile; fileRef = A3ABDBFD24AE972E00AEAB09 /* GoogleService-Info.plist */; };
		B6AACFCD00DD6415B654082A /* Pods_super_8_iosTests.framework in Frameworks */ = {isa = PBXBuildFile; fileRef = 6BEC897BDFE0F919EEF058D2 /* Pods_super_8_iosTests.framework */; };
		BBBC60796ED5D53DBC58FD83 /* Pods_super_8_ios_super_8_iosUITests.framework in Frameworks */ = {isa = PBXBuildFile; fileRef = 9FB6E7294901B232C093602B /* Pods_super_8_ios_super_8_iosUITests.framework */; };
		F4D7BBF140CEB42EFE92FF33 /* Pods_super_8_ios.framework in Frameworks */ = {isa = PBXBuildFile; fileRef = 97978B4CA117C358005C1ECA /* Pods_super_8_ios.framework */; };
/* End PBXBuildFile section */

/* Begin PBXContainerItemProxy section */
		A327BAC324AE8A87007BA52E /* PBXContainerItemProxy */ = {
			isa = PBXContainerItemProxy;
			containerPortal = A327BAA424AE8A7B007BA52E /* Project object */;
			proxyType = 1;
			remoteGlobalIDString = A327BAAB24AE8A7B007BA52E;
			remoteInfo = "super-8-ios";
		};
		A327BACE24AE8A87007BA52E /* PBXContainerItemProxy */ = {
			isa = PBXContainerItemProxy;
			containerPortal = A327BAA424AE8A7B007BA52E /* Project object */;
			proxyType = 1;
			remoteGlobalIDString = A327BAAB24AE8A7B007BA52E;
			remoteInfo = "super-8-ios";
		};
/* End PBXContainerItemProxy section */

/* Begin PBXFileReference section */
		1C4BF16C701370993CD6D423 /* Pods-super-8-iosTests.debug.xcconfig */ = {isa = PBXFileReference; includeInIndex = 1; lastKnownFileType = text.xcconfig; name = "Pods-super-8-iosTests.debug.xcconfig"; path = "Target Support Files/Pods-super-8-iosTests/Pods-super-8-iosTests.debug.xcconfig"; sourceTree = "<group>"; };
		5BA42B37598540C22F22204F /* Pods-super-8-ios-super-8-iosUITests.release.xcconfig */ = {isa = PBXFileReference; includeInIndex = 1; lastKnownFileType = text.xcconfig; name = "Pods-super-8-ios-super-8-iosUITests.release.xcconfig"; path = "Target Support Files/Pods-super-8-ios-super-8-iosUITests/Pods-super-8-ios-super-8-iosUITests.release.xcconfig"; sourceTree = "<group>"; };
		6BEC897BDFE0F919EEF058D2 /* Pods_super_8_iosTests.framework */ = {isa = PBXFileReference; explicitFileType = wrapper.framework; includeInIndex = 0; path = Pods_super_8_iosTests.framework; sourceTree = BUILT_PRODUCTS_DIR; };
		79549B741041201260AC78E4 /* Pods-super-8-ios-super-8-iosUITests.debug.xcconfig */ = {isa = PBXFileReference; includeInIndex = 1; lastKnownFileType = text.xcconfig; name = "Pods-super-8-ios-super-8-iosUITests.debug.xcconfig"; path = "Target Support Files/Pods-super-8-ios-super-8-iosUITests/Pods-super-8-ios-super-8-iosUITests.debug.xcconfig"; sourceTree = "<group>"; };
		97978B4CA117C358005C1ECA /* Pods_super_8_ios.framework */ = {isa = PBXFileReference; explicitFileType = wrapper.framework; includeInIndex = 0; path = Pods_super_8_ios.framework; sourceTree = BUILT_PRODUCTS_DIR; };
		9FB6E7294901B232C093602B /* Pods_super_8_ios_super_8_iosUITests.framework */ = {isa = PBXFileReference; explicitFileType = wrapper.framework; includeInIndex = 0; path = Pods_super_8_ios_super_8_iosUITests.framework; sourceTree = BUILT_PRODUCTS_DIR; };
		A327BAAC24AE8A7C007BA52E /* super-8-ios.app */ = {isa = PBXFileReference; explicitFileType = wrapper.application; includeInIndex = 0; path = "super-8-ios.app"; sourceTree = BUILT_PRODUCTS_DIR; };
		A327BAAF24AE8A7C007BA52E /* AppDelegate.swift */ = {isa = PBXFileReference; lastKnownFileType = sourcecode.swift; path = AppDelegate.swift; sourceTree = "<group>"; };
		A327BAB124AE8A7C007BA52E /* SceneDelegate.swift */ = {isa = PBXFileReference; lastKnownFileType = sourcecode.swift; path = SceneDelegate.swift; sourceTree = "<group>"; };
		A327BAB324AE8A7C007BA52E /* ContentView.swift */ = {isa = PBXFileReference; lastKnownFileType = sourcecode.swift; path = ContentView.swift; sourceTree = "<group>"; };
		A327BAB524AE8A87007BA52E /* Assets.xcassets */ = {isa = PBXFileReference; lastKnownFileType = folder.assetcatalog; path = Assets.xcassets; sourceTree = "<group>"; };
		A327BAB824AE8A87007BA52E /* Preview Assets.xcassets */ = {isa = PBXFileReference; lastKnownFileType = folder.assetcatalog; path = "Preview Assets.xcassets"; sourceTree = "<group>"; };
		A327BABB24AE8A87007BA52E /* Base */ = {isa = PBXFileReference; lastKnownFileType = file.storyboard; name = Base; path = Base.lproj/LaunchScreen.storyboard; sourceTree = "<group>"; };
		A327BABD24AE8A87007BA52E /* Info.plist */ = {isa = PBXFileReference; lastKnownFileType = text.plist.xml; path = Info.plist; sourceTree = "<group>"; };
		A327BAC224AE8A87007BA52E /* super-8-iosTests.xctest */ = {isa = PBXFileReference; explicitFileType = wrapper.cfbundle; includeInIndex = 0; path = "super-8-iosTests.xctest"; sourceTree = BUILT_PRODUCTS_DIR; };
		A327BAC624AE8A87007BA52E /* super_8_iosTests.swift */ = {isa = PBXFileReference; lastKnownFileType = sourcecode.swift; path = super_8_iosTests.swift; sourceTree = "<group>"; };
		A327BAC824AE8A87007BA52E /* Info.plist */ = {isa = PBXFileReference; lastKnownFileType = text.plist.xml; path = Info.plist; sourceTree = "<group>"; };
		A327BACD24AE8A87007BA52E /* super-8-iosUITests.xctest */ = {isa = PBXFileReference; explicitFileType = wrapper.cfbundle; includeInIndex = 0; path = "super-8-iosUITests.xctest"; sourceTree = BUILT_PRODUCTS_DIR; };
		A327BAD124AE8A87007BA52E /* super_8_iosUITests.swift */ = {isa = PBXFileReference; lastKnownFileType = sourcecode.swift; path = super_8_iosUITests.swift; sourceTree = "<group>"; };
		A327BAD324AE8A87007BA52E /* Info.plist */ = {isa = PBXFileReference; lastKnownFileType = text.plist.xml; path = Info.plist; sourceTree = "<group>"; };
		A3ABDBFD24AE972E00AEAB09 /* GoogleService-Info.plist */ = {isa = PBXFileReference; fileEncoding = 4; lastKnownFileType = text.plist.xml; path = "GoogleService-Info.plist"; sourceTree = "<group>"; };
		AE963DBF4AED910B2C068706 /* Pods-super-8-ios.release.xcconfig */ = {isa = PBXFileReference; includeInIndex = 1; lastKnownFileType = text.xcconfig; name = "Pods-super-8-ios.release.xcconfig"; path = "Target Support Files/Pods-super-8-ios/Pods-super-8-ios.release.xcconfig"; sourceTree = "<group>"; };
		B71F5C3374EDC425C564A3E1 /* Pods-super-8-iosTests.release.xcconfig */ = {isa = PBXFileReference; includeInIndex = 1; lastKnownFileType = text.xcconfig; name = "Pods-super-8-iosTests.release.xcconfig"; path = "Target Support Files/Pods-super-8-iosTests/Pods-super-8-iosTests.release.xcconfig"; sourceTree = "<group>"; };
		B94A8595DB27CBF2B8421845 /* Pods-super-8-ios.debug.xcconfig */ = {isa = PBXFileReference; includeInIndex = 1; lastKnownFileType = text.xcconfig; name = "Pods-super-8-ios.debug.xcconfig"; path = "Target Support Files/Pods-super-8-ios/Pods-super-8-ios.debug.xcconfig"; sourceTree = "<group>"; };
/* End PBXFileReference section */

/* Begin PBXFrameworksBuildPhase section */
		A327BAA924AE8A7B007BA52E /* Frameworks */ = {
			isa = PBXFrameworksBuildPhase;
			buildActionMask = 2147483647;
			files = (
				F4D7BBF140CEB42EFE92FF33 /* Pods_super_8_ios.framework in Frameworks */,
			);
			runOnlyForDeploymentPostprocessing = 0;
		};
		A327BABF24AE8A87007BA52E /* Frameworks */ = {
			isa = PBXFrameworksBuildPhase;
			buildActionMask = 2147483647;
			files = (
				B6AACFCD00DD6415B654082A /* Pods_super_8_iosTests.framework in Frameworks */,
			);
			runOnlyForDeploymentPostprocessing = 0;
		};
		A327BACA24AE8A87007BA52E /* Frameworks */ = {
			isa = PBXFrameworksBuildPhase;
			buildActionMask = 2147483647;
			files = (
				BBBC60796ED5D53DBC58FD83 /* Pods_super_8_ios_super_8_iosUITests.framework in Frameworks */,
			);
			runOnlyForDeploymentPostprocessing = 0;
		};
/* End PBXFrameworksBuildPhase section */

/* Begin PBXGroup section */
		538EEF3D655C8D46AAC7A891 /* Pods */ = {
			isa = PBXGroup;
			children = (
				B94A8595DB27CBF2B8421845 /* Pods-super-8-ios.debug.xcconfig */,
				AE963DBF4AED910B2C068706 /* Pods-super-8-ios.release.xcconfig */,
				79549B741041201260AC78E4 /* Pods-super-8-ios-super-8-iosUITests.debug.xcconfig */,
				5BA42B37598540C22F22204F /* Pods-super-8-ios-super-8-iosUITests.release.xcconfig */,
				1C4BF16C701370993CD6D423 /* Pods-super-8-iosTests.debug.xcconfig */,
				B71F5C3374EDC425C564A3E1 /* Pods-super-8-iosTests.release.xcconfig */,
			);
			path = Pods;
			sourceTree = "<group>";
		};
		A327BAA324AE8A7B007BA52E = {
			isa = PBXGroup;
			children = (
				A327BAAE24AE8A7C007BA52E /* super-8-ios */,
				A327BAC524AE8A87007BA52E /* super-8-iosTests */,
				A327BAD024AE8A87007BA52E /* super-8-iosUITests */,
				A327BAAD24AE8A7C007BA52E /* Products */,
				538EEF3D655C8D46AAC7A891 /* Pods */,
				DDEE7F8883F8B7AE05485148 /* Frameworks */,
			);
			sourceTree = "<group>";
		};
		A327BAAD24AE8A7C007BA52E /* Products */ = {
			isa = PBXGroup;
			children = (
				A327BAAC24AE8A7C007BA52E /* super-8-ios.app */,
				A327BAC224AE8A87007BA52E /* super-8-iosTests.xctest */,
				A327BACD24AE8A87007BA52E /* super-8-iosUITests.xctest */,
			);
			name = Products;
			sourceTree = "<group>";
		};
		A327BAAE24AE8A7C007BA52E /* super-8-ios */ = {
			isa = PBXGroup;
			children = (
				A327BAAF24AE8A7C007BA52E /* AppDelegate.swift */,
				A327BAB124AE8A7C007BA52E /* SceneDelegate.swift */,
				A327BAB324AE8A7C007BA52E /* ContentView.swift */,
				A327BAB524AE8A87007BA52E /* Assets.xcassets */,
				A327BABA24AE8A87007BA52E /* LaunchScreen.storyboard */,
				A3ABDBFD24AE972E00AEAB09 /* GoogleService-Info.plist */,
				A327BABD24AE8A87007BA52E /* Info.plist */,
				A327BAB724AE8A87007BA52E /* Preview Content */,
			);
			path = "super-8-ios";
			sourceTree = "<group>";
		};
		A327BAB724AE8A87007BA52E /* Preview Content */ = {
			isa = PBXGroup;
			children = (
				A327BAB824AE8A87007BA52E /* Preview Assets.xcassets */,
			);
			path = "Preview Content";
			sourceTree = "<group>";
		};
		A327BAC524AE8A87007BA52E /* super-8-iosTests */ = {
			isa = PBXGroup;
			children = (
				A327BAC624AE8A87007BA52E /* super_8_iosTests.swift */,
				A327BAC824AE8A87007BA52E /* Info.plist */,
			);
			path = "super-8-iosTests";
			sourceTree = "<group>";
		};
		A327BAD024AE8A87007BA52E /* super-8-iosUITests */ = {
			isa = PBXGroup;
			children = (
				A327BAD124AE8A87007BA52E /* super_8_iosUITests.swift */,
				A327BAD324AE8A87007BA52E /* Info.plist */,
			);
			path = "super-8-iosUITests";
			sourceTree = "<group>";
		};
		DDEE7F8883F8B7AE05485148 /* Frameworks */ = {
			isa = PBXGroup;
			children = (
				97978B4CA117C358005C1ECA /* Pods_super_8_ios.framework */,
				9FB6E7294901B232C093602B /* Pods_super_8_ios_super_8_iosUITests.framework */,
				6BEC897BDFE0F919EEF058D2 /* Pods_super_8_iosTests.framework */,
			);
			name = Frameworks;
			sourceTree = "<group>";
		};
/* End PBXGroup section */

/* Begin PBXNativeTarget section */
		A327BAAB24AE8A7B007BA52E /* super-8-ios */ = {
			isa = PBXNativeTarget;
			buildConfigurationList = A327BAD624AE8A87007BA52E /* Build configuration list for PBXNativeTarget "super-8-ios" */;
			buildPhases = (
				113A0DBB05B5E00B1AB168E0 /* [CP] Check Pods Manifest.lock */,
				A327BAA824AE8A7B007BA52E /* Sources */,
				A327BAA924AE8A7B007BA52E /* Frameworks */,
				A327BAAA24AE8A7B007BA52E /* Resources */,
				A97A001C3B23F9E2DDD8818C /* [CP] Embed Pods Frameworks */,
			);
			buildRules = (
			);
			dependencies = (
			);
			name = "super-8-ios";
			productName = "super-8-ios";
			productReference = A327BAAC24AE8A7C007BA52E /* super-8-ios.app */;
			productType = "com.apple.product-type.application";
		};
		A327BAC124AE8A87007BA52E /* super-8-iosTests */ = {
			isa = PBXNativeTarget;
			buildConfigurationList = A327BAD924AE8A87007BA52E /* Build configuration list for PBXNativeTarget "super-8-iosTests" */;
			buildPhases = (
				A16C566194BB227786C4DEC2 /* [CP] Check Pods Manifest.lock */,
				A327BABE24AE8A87007BA52E /* Sources */,
				A327BABF24AE8A87007BA52E /* Frameworks */,
				A327BAC024AE8A87007BA52E /* Resources */,
			);
			buildRules = (
			);
			dependencies = (
				A327BAC424AE8A87007BA52E /* PBXTargetDependency */,
			);
			name = "super-8-iosTests";
			productName = "super-8-iosTests";
			productReference = A327BAC224AE8A87007BA52E /* super-8-iosTests.xctest */;
			productType = "com.apple.product-type.bundle.unit-test";
		};
		A327BACC24AE8A87007BA52E /* super-8-iosUITests */ = {
			isa = PBXNativeTarget;
			buildConfigurationList = A327BADC24AE8A87007BA52E /* Build configuration list for PBXNativeTarget "super-8-iosUITests" */;
			buildPhases = (
				CAAE4BC937F3C6256A785EE0 /* [CP] Check Pods Manifest.lock */,
				A327BAC924AE8A87007BA52E /* Sources */,
				A327BACA24AE8A87007BA52E /* Frameworks */,
				A327BACB24AE8A87007BA52E /* Resources */,
				82316284A2C977C092FC83E7 /* [CP] Embed Pods Frameworks */,
			);
			buildRules = (
			);
			dependencies = (
				A327BACF24AE8A87007BA52E /* PBXTargetDependency */,
			);
			name = "super-8-iosUITests";
			productName = "super-8-iosUITests";
			productReference = A327BACD24AE8A87007BA52E /* super-8-iosUITests.xctest */;
			productType = "com.apple.product-type.bundle.ui-testing";
		};
/* End PBXNativeTarget section */

/* Begin PBXProject section */
		A327BAA424AE8A7B007BA52E /* Project object */ = {
			isa = PBXProject;
			attributes = {
				LastSwiftUpdateCheck = 1150;
				LastUpgradeCheck = 1150;
				ORGANIZATIONNAME = "Luke Cheng";
				TargetAttributes = {
					A327BAAB24AE8A7B007BA52E = {
						CreatedOnToolsVersion = 11.5;
					};
					A327BAC124AE8A87007BA52E = {
						CreatedOnToolsVersion = 11.5;
						TestTargetID = A327BAAB24AE8A7B007BA52E;
					};
					A327BACC24AE8A87007BA52E = {
						CreatedOnToolsVersion = 11.5;
						TestTargetID = A327BAAB24AE8A7B007BA52E;
					};
				};
			};
			buildConfigurationList = A327BAA724AE8A7B007BA52E /* Build configuration list for PBXProject "super-8-ios" */;
			compatibilityVersion = "Xcode 9.3";
			developmentRegion = en;
			hasScannedForEncodings = 0;
			knownRegions = (
				en,
				Base,
			);
			mainGroup = A327BAA324AE8A7B007BA52E;
			productRefGroup = A327BAAD24AE8A7C007BA52E /* Products */;
			projectDirPath = "";
			projectRoot = "";
			targets = (
				A327BAAB24AE8A7B007BA52E /* super-8-ios */,
				A327BAC124AE8A87007BA52E /* super-8-iosTests */,
				A327BACC24AE8A87007BA52E /* super-8-iosUITests */,
			);
		};
/* End PBXProject section */

/* Begin PBXResourcesBuildPhase section */
		A327BAAA24AE8A7B007BA52E /* Resources */ = {
			isa = PBXResourcesBuildPhase;
			buildActionMask = 2147483647;
			files = (
				A327BABC24AE8A87007BA52E /* LaunchScreen.storyboard in Resources */,
				A3ABDBFE24AE972E00AEAB09 /* GoogleService-Info.plist in Resources */,
				A327BAB924AE8A87007BA52E /* Preview Assets.xcassets in Resources */,
				A327BAB624AE8A87007BA52E /* Assets.xcassets in Resources */,
			);
			runOnlyForDeploymentPostprocessing = 0;
		};
		A327BAC024AE8A87007BA52E /* Resources */ = {
			isa = PBXResourcesBuildPhase;
			buildActionMask = 2147483647;
			files = (
			);
			runOnlyForDeploymentPostprocessing = 0;
		};
		A327BACB24AE8A87007BA52E /* Resources */ = {
			isa = PBXResourcesBuildPhase;
			buildActionMask = 2147483647;
			files = (
			);
			runOnlyForDeploymentPostprocessing = 0;
		};
/* End PBXResourcesBuildPhase section */

/* Begin PBXShellScriptBuildPhase section */
		113A0DBB05B5E00B1AB168E0 /* [CP] Check Pods Manifest.lock */ = {
			isa = PBXShellScriptBuildPhase;
			buildActionMask = 2147483647;
			files = (
			);
			inputFileListPaths = (
			);
			inputPaths = (
				"${PODS_PODFILE_DIR_PATH}/Podfile.lock",
				"${PODS_ROOT}/Manifest.lock",
			);
			name = "[CP] Check Pods Manifest.lock";
			outputFileListPaths = (
			);
			outputPaths = (
				"$(DERIVED_FILE_DIR)/Pods-super-8-ios-checkManifestLockResult.txt",
			);
			runOnlyForDeploymentPostprocessing = 0;
			shellPath = /bin/sh;
			shellScript = "diff \"${PODS_PODFILE_DIR_PATH}/Podfile.lock\" \"${PODS_ROOT}/Manifest.lock\" > /dev/null\nif [ $? != 0 ] ; then\n    # print error to STDERR\n    echo \"error: The sandbox is not in sync with the Podfile.lock. Run 'pod install' or update your CocoaPods installation.\" >&2\n    exit 1\nfi\n# This output is used by Xcode 'outputs' to avoid re-running this script phase.\necho \"SUCCESS\" > \"${SCRIPT_OUTPUT_FILE_0}\"\n";
			showEnvVarsInLog = 0;
		};
		82316284A2C977C092FC83E7 /* [CP] Embed Pods Frameworks */ = {
			isa = PBXShellScriptBuildPhase;
			buildActionMask = 2147483647;
			files = (
			);
			inputFileListPaths = (
				"${PODS_ROOT}/Target Support Files/Pods-super-8-ios-super-8-iosUITests/Pods-super-8-ios-super-8-iosUITests-frameworks-${CONFIGURATION}-input-files.xcfilelist",
			);
			name = "[CP] Embed Pods Frameworks";
			outputFileListPaths = (
				"${PODS_ROOT}/Target Support Files/Pods-super-8-ios-super-8-iosUITests/Pods-super-8-ios-super-8-iosUITests-frameworks-${CONFIGURATION}-output-files.xcfilelist",
			);
			runOnlyForDeploymentPostprocessing = 0;
			shellPath = /bin/sh;
			shellScript = "\"${PODS_ROOT}/Target Support Files/Pods-super-8-ios-super-8-iosUITests/Pods-super-8-ios-super-8-iosUITests-frameworks.sh\"\n";
			showEnvVarsInLog = 0;
		};
		A16C566194BB227786C4DEC2 /* [CP] Check Pods Manifest.lock */ = {
			isa = PBXShellScriptBuildPhase;
			buildActionMask = 2147483647;
			files = (
			);
			inputFileListPaths = (
			);
			inputPaths = (
				"${PODS_PODFILE_DIR_PATH}/Podfile.lock",
				"${PODS_ROOT}/Manifest.lock",
			);
			name = "[CP] Check Pods Manifest.lock";
			outputFileListPaths = (
			);
			outputPaths = (
				"$(DERIVED_FILE_DIR)/Pods-super-8-iosTests-checkManifestLockResult.txt",
			);
			runOnlyForDeploymentPostprocessing = 0;
			shellPath = /bin/sh;
			shellScript = "diff \"${PODS_PODFILE_DIR_PATH}/Podfile.lock\" \"${PODS_ROOT}/Manifest.lock\" > /dev/null\nif [ $? != 0 ] ; then\n    # print error to STDERR\n    echo \"error: The sandbox is not in sync with the Podfile.lock. Run 'pod install' or update your CocoaPods installation.\" >&2\n    exit 1\nfi\n# This output is used by Xcode 'outputs' to avoid re-running this script phase.\necho \"SUCCESS\" > \"${SCRIPT_OUTPUT_FILE_0}\"\n";
			showEnvVarsInLog = 0;
		};
		A97A001C3B23F9E2DDD8818C /* [CP] Embed Pods Frameworks */ = {
			isa = PBXShellScriptBuildPhase;
			buildActionMask = 2147483647;
			files = (
			);
			inputFileListPaths = (
				"${PODS_ROOT}/Target Support Files/Pods-super-8-ios/Pods-super-8-ios-frameworks-${CONFIGURATION}-input-files.xcfilelist",
			);
			name = "[CP] Embed Pods Frameworks";
			outputFileListPaths = (
				"${PODS_ROOT}/Target Support Files/Pods-super-8-ios/Pods-super-8-ios-frameworks-${CONFIGURATION}-output-files.xcfilelist",
			);
			runOnlyForDeploymentPostprocessing = 0;
			shellPath = /bin/sh;
			shellScript = "\"${PODS_ROOT}/Target Support Files/Pods-super-8-ios/Pods-super-8-ios-frameworks.sh\"\n";
			showEnvVarsInLog = 0;
		};
		CAAE4BC937F3C6256A785EE0 /* [CP] Check Pods Manifest.lock */ = {
			isa = PBXShellScriptBuildPhase;
			buildActionMask = 2147483647;
			files = (
			);
			inputFileListPaths = (
			);
			inputPaths = (
				"${PODS_PODFILE_DIR_PATH}/Podfile.lock",
				"${PODS_ROOT}/Manifest.lock",
			);
			name = "[CP] Check Pods Manifest.lock";
			outputFileListPaths = (
			);
			outputPaths = (
				"$(DERIVED_FILE_DIR)/Pods-super-8-ios-super-8-iosUITests-checkManifestLockResult.txt",
			);
			runOnlyForDeploymentPostprocessing = 0;
			shellPath = /bin/sh;
			shellScript = "diff \"${PODS_PODFILE_DIR_PATH}/Podfile.lock\" \"${PODS_ROOT}/Manifest.lock\" > /dev/null\nif [ $? != 0 ] ; then\n    # print error to STDERR\n    echo \"error: The sandbox is not in sync with the Podfile.lock. Run 'pod install' or update your CocoaPods installation.\" >&2\n    exit 1\nfi\n# This output is used by Xcode 'outputs' to avoid re-running this script phase.\necho \"SUCCESS\" > \"${SCRIPT_OUTPUT_FILE_0}\"\n";
			showEnvVarsInLog = 0;
		};
/* End PBXShellScriptBuildPhase section */

/* Begin PBXSourcesBuildPhase section */
		A327BAA824AE8A7B007BA52E /* Sources */ = {
			isa = PBXSourcesBuildPhase;
			buildActionMask = 2147483647;
			files = (
				A327BAB024AE8A7C007BA52E /* AppDelegate.swift in Sources */,
				A327BAB224AE8A7C007BA52E /* SceneDelegate.swift in Sources */,
				A327BAB424AE8A7C007BA52E /* ContentView.swift in Sources */,
			);
			runOnlyForDeploymentPostprocessing = 0;
		};
		A327BABE24AE8A87007BA52E /* Sources */ = {
			isa = PBXSourcesBuildPhase;
			buildActionMask = 2147483647;
			files = (
				A327BAC724AE8A87007BA52E /* super_8_iosTests.swift in Sources */,
			);
			runOnlyForDeploymentPostprocessing = 0;
		};
		A327BAC924AE8A87007BA52E /* Sources */ = {
			isa = PBXSourcesBuildPhase;
			buildActionMask = 2147483647;
			files = (
				A327BAD224AE8A87007BA52E /* super_8_iosUITests.swift in Sources */,
			);
			runOnlyForDeploymentPostprocessing = 0;
		};
/* End PBXSourcesBuildPhase section */

/* Begin PBXTargetDependency section */
		A327BAC424AE8A87007BA52E /* PBXTargetDependency */ = {
			isa = PBXTargetDependency;
			target = A327BAAB24AE8A7B007BA52E /* super-8-ios */;
			targetProxy = A327BAC324AE8A87007BA52E /* PBXContainerItemProxy */;
		};
		A327BACF24AE8A87007BA52E /* PBXTargetDependency */ = {
			isa = PBXTargetDependency;
			target = A327BAAB24AE8A7B007BA52E /* super-8-ios */;
			targetProxy = A327BACE24AE8A87007BA52E /* PBXContainerItemProxy */;
		};
/* End PBXTargetDependency section */

/* Begin PBXVariantGroup section */
		A327BABA24AE8A87007BA52E /* LaunchScreen.storyboard */ = {
			isa = PBXVariantGroup;
			children = (
				A327BABB24AE8A87007BA52E /* Base */,
			);
			name = LaunchScreen.storyboard;
			sourceTree = "<group>";
		};
/* End PBXVariantGroup section */

/* Begin XCBuildConfiguration section */
		A327BAD424AE8A87007BA52E /* Debug */ = {
			isa = XCBuildConfiguration;
			buildSettings = {
				ALWAYS_SEARCH_USER_PATHS = NO;
				CLANG_ANALYZER_NONNULL = YES;
				CLANG_ANALYZER_NUMBER_OBJECT_CONVERSION = YES_AGGRESSIVE;
				CLANG_CXX_LANGUAGE_STANDARD = "gnu++14";
				CLANG_CXX_LIBRARY = "libc++";
				CLANG_ENABLE_MODULES = YES;
				CLANG_ENABLE_OBJC_ARC = YES;
				CLANG_ENABLE_OBJC_WEAK = YES;
				CLANG_WARN_BLOCK_CAPTURE_AUTORELEASING = YES;
				CLANG_WARN_BOOL_CONVERSION = YES;
				CLANG_WARN_COMMA = YES;
				CLANG_WARN_CONSTANT_CONVERSION = YES;
				CLANG_WARN_DEPRECATED_OBJC_IMPLEMENTATIONS = YES;
				CLANG_WARN_DIRECT_OBJC_ISA_USAGE = YES_ERROR;
				CLANG_WARN_DOCUMENTATION_COMMENTS = YES;
				CLANG_WARN_EMPTY_BODY = YES;
				CLANG_WARN_ENUM_CONVERSION = YES;
				CLANG_WARN_INFINITE_RECURSION = YES;
				CLANG_WARN_INT_CONVERSION = YES;
				CLANG_WARN_NON_LITERAL_NULL_CONVERSION = YES;
				CLANG_WARN_OBJC_IMPLICIT_RETAIN_SELF = YES;
				CLANG_WARN_OBJC_LITERAL_CONVERSION = YES;
				CLANG_WARN_OBJC_ROOT_CLASS = YES_ERROR;
				CLANG_WARN_RANGE_LOOP_ANALYSIS = YES;
				CLANG_WARN_STRICT_PROTOTYPES = YES;
				CLANG_WARN_SUSPICIOUS_MOVE = YES;
				CLANG_WARN_UNGUARDED_AVAILABILITY = YES_AGGRESSIVE;
				CLANG_WARN_UNREACHABLE_CODE = YES;
				CLANG_WARN__DUPLICATE_METHOD_MATCH = YES;
				COPY_PHASE_STRIP = NO;
				DEBUG_INFORMATION_FORMAT = dwarf;
				ENABLE_STRICT_OBJC_MSGSEND = YES;
				ENABLE_TESTABILITY = YES;
				GCC_C_LANGUAGE_STANDARD = gnu11;
				GCC_DYNAMIC_NO_PIC = NO;
				GCC_NO_COMMON_BLOCKS = YES;
				GCC_OPTIMIZATION_LEVEL = 0;
				GCC_PREPROCESSOR_DEFINITIONS = (
					"DEBUG=1",
					"$(inherited)",
				);
				GCC_WARN_64_TO_32_BIT_CONVERSION = YES;
				GCC_WARN_ABOUT_RETURN_TYPE = YES_ERROR;
				GCC_WARN_UNDECLARED_SELECTOR = YES;
				GCC_WARN_UNINITIALIZED_AUTOS = YES_AGGRESSIVE;
				GCC_WARN_UNUSED_FUNCTION = YES;
				GCC_WARN_UNUSED_VARIABLE = YES;
				IPHONEOS_DEPLOYMENT_TARGET = 13.5;
				MTL_ENABLE_DEBUG_INFO = INCLUDE_SOURCE;
				MTL_FAST_MATH = YES;
				ONLY_ACTIVE_ARCH = YES;
				SDKROOT = iphoneos;
				SWIFT_ACTIVE_COMPILATION_CONDITIONS = DEBUG;
				SWIFT_OPTIMIZATION_LEVEL = "-Onone";
			};
			name = Debug;
		};
		A327BAD524AE8A87007BA52E /* Release */ = {
			isa = XCBuildConfiguration;
			buildSettings = {
				ALWAYS_SEARCH_USER_PATHS = NO;
				CLANG_ANALYZER_NONNULL = YES;
				CLANG_ANALYZER_NUMBER_OBJECT_CONVERSION = YES_AGGRESSIVE;
				CLANG_CXX_LANGUAGE_STANDARD = "gnu++14";
				CLANG_CXX_LIBRARY = "libc++";
				CLANG_ENABLE_MODULES = YES;
				CLANG_ENABLE_OBJC_ARC = YES;
				CLANG_ENABLE_OBJC_WEAK = YES;
				CLANG_WARN_BLOCK_CAPTURE_AUTORELEASING = YES;
				CLANG_WARN_BOOL_CONVERSION = YES;
				CLANG_WARN_COMMA = YES;
				CLANG_WARN_CONSTANT_CONVERSION = YES;
				CLANG_WARN_DEPRECATED_OBJC_IMPLEMENTATIONS = YES;
				CLANG_WARN_DIRECT_OBJC_ISA_USAGE = YES_ERROR;
				CLANG_WARN_DOCUMENTATION_COMMENTS = YES;
				CLANG_WARN_EMPTY_BODY = YES;
				CLANG_WARN_ENUM_CONVERSION = YES;
				CLANG_WARN_INFINITE_RECURSION = YES;
				CLANG_WARN_INT_CONVERSION = YES;
				CLANG_WARN_NON_LITERAL_NULL_CONVERSION = YES;
				CLANG_WARN_OBJC_IMPLICIT_RETAIN_SELF = YES;
				CLANG_WARN_OBJC_LITERAL_CONVERSION = YES;
				CLANG_WARN_OBJC_ROOT_CLASS = YES_ERROR;
				CLANG_WARN_RANGE_LOOP_ANALYSIS = YES;
				CLANG_WARN_STRICT_PROTOTYPES = YES;
				CLANG_WARN_SUSPICIOUS_MOVE = YES;
				CLANG_WARN_UNGUARDED_AVAILABILITY = YES_AGGRESSIVE;
				CLANG_WARN_UNREACHABLE_CODE = YES;
				CLANG_WARN__DUPLICATE_METHOD_MATCH = YES;
				COPY_PHASE_STRIP = NO;
				DEBUG_INFORMATION_FORMAT = "dwarf-with-dsym";
				ENABLE_NS_ASSERTIONS = NO;
				ENABLE_STRICT_OBJC_MSGSEND = YES;
				GCC_C_LANGUAGE_STANDARD = gnu11;
				GCC_NO_COMMON_BLOCKS = YES;
				GCC_WARN_64_TO_32_BIT_CONVERSION = YES;
				GCC_WARN_ABOUT_RETURN_TYPE = YES_ERROR;
				GCC_WARN_UNDECLARED_SELECTOR = YES;
				GCC_WARN_UNINITIALIZED_AUTOS = YES_AGGRESSIVE;
				GCC_WARN_UNUSED_FUNCTION = YES;
				GCC_WARN_UNUSED_VARIABLE = YES;
				IPHONEOS_DEPLOYMENT_TARGET = 13.5;
				MTL_ENABLE_DEBUG_INFO = NO;
				MTL_FAST_MATH = YES;
				SDKROOT = iphoneos;
				SWIFT_COMPILATION_MODE = wholemodule;
				SWIFT_OPTIMIZATION_LEVEL = "-O";
				VALIDATE_PRODUCT = YES;
			};
			name = Release;
		};
		A327BAD724AE8A87007BA52E /* Debug */ = {
			isa = XCBuildConfiguration;
			baseConfigurationReference = B94A8595DB27CBF2B8421845 /* Pods-super-8-ios.debug.xcconfig */;
			buildSettings = {
				ASSETCATALOG_COMPILER_APPICON_NAME = AppIcon;
				CODE_SIGN_STYLE = Automatic;
				DEVELOPMENT_ASSET_PATHS = "\"super-8-ios/Preview Content\"";
				ENABLE_PREVIEWS = YES;
				INFOPLIST_FILE = "super-8-ios/Info.plist";
				LD_RUNPATH_SEARCH_PATHS = (
					"$(inherited)",
					"@executable_path/Frameworks",
				);
				PRODUCT_BUNDLE_IDENTIFIER = "TechPoint.super-8-ios";
				PRODUCT_NAME = "$(TARGET_NAME)";
				SWIFT_VERSION = 5.0;
				TARGETED_DEVICE_FAMILY = "1,2";
			};
			name = Debug;
		};
		A327BAD824AE8A87007BA52E /* Release */ = {
			isa = XCBuildConfiguration;
			baseConfigurationReference = AE963DBF4AED910B2C068706 /* Pods-super-8-ios.release.xcconfig */;
			buildSettings = {
				ASSETCATALOG_COMPILER_APPICON_NAME = AppIcon;
				CODE_SIGN_STYLE = Automatic;
				DEVELOPMENT_ASSET_PATHS = "\"super-8-ios/Preview Content\"";
				ENABLE_PREVIEWS = YES;
				INFOPLIST_FILE = "super-8-ios/Info.plist";
				LD_RUNPATH_SEARCH_PATHS = (
					"$(inherited)",
					"@executable_path/Frameworks",
				);
				PRODUCT_BUNDLE_IDENTIFIER = "TechPoint.super-8-ios";
				PRODUCT_NAME = "$(TARGET_NAME)";
				SWIFT_VERSION = 5.0;
				TARGETED_DEVICE_FAMILY = "1,2";
			};
			name = Release;
		};
		A327BADA24AE8A87007BA52E /* Debug */ = {
			isa = XCBuildConfiguration;
			baseConfigurationReference = 1C4BF16C701370993CD6D423 /* Pods-super-8-iosTests.debug.xcconfig */;
			buildSettings = {
				ALWAYS_EMBED_SWIFT_STANDARD_LIBRARIES = YES;
				BUNDLE_LOADER = "$(TEST_HOST)";
				CODE_SIGN_STYLE = Automatic;
				INFOPLIST_FILE = "super-8-iosTests/Info.plist";
				IPHONEOS_DEPLOYMENT_TARGET = 13.5;
				LD_RUNPATH_SEARCH_PATHS = (
					"$(inherited)",
					"@executable_path/Frameworks",
					"@loader_path/Frameworks",
				);
				PRODUCT_BUNDLE_IDENTIFIER = "TechPoint.super-8-iosTests";
				PRODUCT_NAME = "$(TARGET_NAME)";
				SWIFT_VERSION = 5.0;
				TARGETED_DEVICE_FAMILY = "1,2";
				TEST_HOST = "$(BUILT_PRODUCTS_DIR)/super-8-ios.app/super-8-ios";
			};
			name = Debug;
		};
		A327BADB24AE8A87007BA52E /* Release */ = {
			isa = XCBuildConfiguration;
			baseConfigurationReference = B71F5C3374EDC425C564A3E1 /* Pods-super-8-iosTests.release.xcconfig */;
			buildSettings = {
				ALWAYS_EMBED_SWIFT_STANDARD_LIBRARIES = YES;
				BUNDLE_LOADER = "$(TEST_HOST)";
				CODE_SIGN_STYLE = Automatic;
				INFOPLIST_FILE = "super-8-iosTests/Info.plist";
				IPHONEOS_DEPLOYMENT_TARGET = 13.5;
				LD_RUNPATH_SEARCH_PATHS = (
					"$(inherited)",
					"@executable_path/Frameworks",
					"@loader_path/Frameworks",
				);
				PRODUCT_BUNDLE_IDENTIFIER = "TechPoint.super-8-iosTests";
				PRODUCT_NAME = "$(TARGET_NAME)";
				SWIFT_VERSION = 5.0;
				TARGETED_DEVICE_FAMILY = "1,2";
				TEST_HOST = "$(BUILT_PRODUCTS_DIR)/super-8-ios.app/super-8-ios";
			};
			name = Release;
		};
		A327BADD24AE8A87007BA52E /* Debug */ = {
			isa = XCBuildConfiguration;
			baseConfigurationReference = 79549B741041201260AC78E4 /* Pods-super-8-ios-super-8-iosUITests.debug.xcconfig */;
			buildSettings = {
				ALWAYS_EMBED_SWIFT_STANDARD_LIBRARIES = YES;
				CODE_SIGN_STYLE = Automatic;
				INFOPLIST_FILE = "super-8-iosUITests/Info.plist";
				LD_RUNPATH_SEARCH_PATHS = (
					"$(inherited)",
					"@executable_path/Frameworks",
					"@loader_path/Frameworks",
				);
				PRODUCT_BUNDLE_IDENTIFIER = "TechPoint.super-8-iosUITests";
				PRODUCT_NAME = "$(TARGET_NAME)";
				SWIFT_VERSION = 5.0;
				TARGETED_DEVICE_FAMILY = "1,2";
				TEST_TARGET_NAME = "super-8-ios";
			};
			name = Debug;
		};
		A327BADE24AE8A87007BA52E /* Release */ = {
			isa = XCBuildConfiguration;
			baseConfigurationReference = 5BA42B37598540C22F22204F /* Pods-super-8-ios-super-8-iosUITests.release.xcconfig */;
			buildSettings = {
				ALWAYS_EMBED_SWIFT_STANDARD_LIBRARIES = YES;
				CODE_SIGN_STYLE = Automatic;
				INFOPLIST_FILE = "super-8-iosUITests/Info.plist";
				LD_RUNPATH_SEARCH_PATHS = (
					"$(inherited)",
					"@executable_path/Frameworks",
					"@loader_path/Frameworks",
				);
				PRODUCT_BUNDLE_IDENTIFIER = "TechPoint.super-8-iosUITests";
				PRODUCT_NAME = "$(TARGET_NAME)";
				SWIFT_VERSION = 5.0;
				TARGETED_DEVICE_FAMILY = "1,2";
				TEST_TARGET_NAME = "super-8-ios";
			};
			name = Release;
		};
/* End XCBuildConfiguration section */

/* Begin XCConfigurationList section */
		A327BAA724AE8A7B007BA52E /* Build configuration list for PBXProject "super-8-ios" */ = {
			isa = XCConfigurationList;
			buildConfigurations = (
				A327BAD424AE8A87007BA52E /* Debug */,
				A327BAD524AE8A87007BA52E /* Release */,
			);
			defaultConfigurationIsVisible = 0;
			defaultConfigurationName = Release;
		};
		A327BAD624AE8A87007BA52E /* Build configuration list for PBXNativeTarget "super-8-ios" */ = {
			isa = XCConfigurationList;
			buildConfigurations = (
				A327BAD724AE8A87007BA52E /* Debug */,
				A327BAD824AE8A87007BA52E /* Release */,
			);
			defaultConfigurationIsVisible = 0;
			defaultConfigurationName = Release;
		};
		A327BAD924AE8A87007BA52E /* Build configuration list for PBXNativeTarget "super-8-iosTests" */ = {
			isa = XCConfigurationList;
			buildConfigurations = (
				A327BADA24AE8A87007BA52E /* Debug */,
				A327BADB24AE8A87007BA52E /* Release */,
			);
			defaultConfigurationIsVisible = 0;
			defaultConfigurationName = Release;
		};
		A327BADC24AE8A87007BA52E /* Build configuration list for PBXNativeTarget "super-8-iosUITests" */ = {
			isa = XCConfigurationList;
			buildConfigurations = (
				A327BADD24AE8A87007BA52E /* Debug */,
				A327BADE24AE8A87007BA52E /* Release */,
			);
			defaultConfigurationIsVisible = 0;
			defaultConfigurationName = Release;
		};
/* End XCConfigurationList section */
	};
	rootObject = A327BAA424AE8A7B007BA52E /* Project object */;
}
